
Microsoft Visual Studio Solution File, Format Version 12.00
# Visual Studio Version 17
VisualStudioVersion = 17.9.34728.123
MinimumVisualStudioVersion = 10.0.40219.1
Project("{9A19103F-16F7-4668-BE54-9A1E7A4F7556}") = "NexiusTestTodo.API", "NexiusTestTodo.API\NexiusTestTodo.API.csproj", "{2745FD14-FCAA-4A10-ABE1-4F60B7E45602}"
EndProject
Project("{9A19103F-16F7-4668-BE54-9A1E7A4F7556}") = "NexiusTestTodo.Domain", "NexiusTestTodo.Domain\NexiusTestTodo.Domain.csproj", "{DCD0985A-FB7F-4E33-942D-CA10283DA89A}"
EndProject
Project("{9A19103F-16F7-4668-BE54-9A1E7A4F7556}") = "NexiusTestTodo.API.UnitTest", "NexiusTestTodo.Repository.Tests\NexiusTestTodo.API.UnitTest.csproj", "{DCE73786-9490-406C-838F-F2562AB5FD28}"
EndProject
Project("{9A19103F-16F7-4668-BE54-9A1E7A4F7556}") = "NexiusTestTodo.Data", "NexiusTestTodo.Data\NexiusTestTodo.Data.csproj", "{D0BA8D9C-99D9-421F-93E5-EEEBB29CE604}"
EndProject
Project("{FAE04EC0-301F-11D3-BF4B-00C04F79EFBC}") = "NexiusTestTodo.IntegrationTest", "NexiusTestTodo.IntegrationTest\NexiusTestTodo.IntegrationTest.csproj", "{B3871DC2-726B-4100-A726-DEB92D0D9573}"
EndProject
Project("{2150E333-8FDC-42A3-9474-1A3956D46DE8}") = "Tests", "Tests", "{87319F5F-C1B9-4A3A-A9CD-BE4A6C4FA1D2}"
EndProject
Global
	GlobalSection(SolutionConfigurationPlatforms) = preSolution
		Debug|Any CPU = Debug|Any CPU
		Release|Any CPU = Release|Any CPU
	EndGlobalSection
	GlobalSection(ProjectConfigurationPlatforms) = postSolution
		{2745FD14-FCAA-4A10-ABE1-4F60B7E45602}.Debug|Any CPU.ActiveCfg = Debug|Any CPU
		{2745FD14-FCAA-4A10-ABE1-4F60B7E45602}.Debug|Any CPU.Build.0 = Debug|Any CPU
		{2745FD14-FCAA-4A10-ABE1-4F60B7E45602}.Release|Any CPU.ActiveCfg = Release|Any CPU
		{2745FD14-FCAA-4A10-ABE1-4F60B7E45602}.Release|Any CPU.Build.0 = Release|Any CPU
		{DCD0985A-FB7F-4E33-942D-CA10283DA89A}.Debug|Any CPU.ActiveCfg = Debug|Any CPU
		{DCD0985A-FB7F-4E33-942D-CA10283DA89A}.Debug|Any CPU.Build.0 = Debug|Any CPU
		{DCD0985A-FB7F-4E33-942D-CA10283DA89A}.Release|Any CPU.ActiveCfg = Release|Any CPU
		{DCD0985A-FB7F-4E33-942D-CA10283DA89A}.Release|Any CPU.Build.0 = Release|Any CPU
		{DCE73786-9490-406C-838F-F2562AB5FD28}.Debug|Any CPU.ActiveCfg = Debug|Any CPU
		{DCE73786-9490-406C-838F-F2562AB5FD28}.Debug|Any CPU.Build.0 = Debug|Any CPU
		{DCE73786-9490-406C-838F-F2562AB5FD28}.Release|Any CPU.ActiveCfg = Release|Any CPU
		{DCE73786-9490-406C-838F-F2562AB5FD28}.Release|Any CPU.Build.0 = Release|Any CPU
		{D0BA8D9C-99D9-421F-93E5-EEEBB29CE604}.Debug|Any CPU.ActiveCfg = Debug|Any CPU
		{D0BA8D9C-99D9-421F-93E5-EEEBB29CE604}.Debug|Any CPU.Build.0 = Debug|Any CPU
		{D0BA8D9C-99D9-421F-93E5-EEEBB29CE604}.Release|Any CPU.ActiveCfg = Release|Any CPU
		{D0BA8D9C-99D9-421F-93E5-EEEBB29CE604}.Release|Any CPU.Build.0 = Release|Any CPU
		{B3871DC2-726B-4100-A726-DEB92D0D9573}.Debug|Any CPU.ActiveCfg = Debug|Any CPU
		{B3871DC2-726B-4100-A726-DEB92D0D9573}.Debug|Any CPU.Build.0 = Debug|Any CPU
		{B3871DC2-726B-4100-A726-DEB92D0D9573}.Release|Any CPU.ActiveCfg = Release|Any CPU
		{B3871DC2-726B-4100-A726-DEB92D0D9573}.Release|Any CPU.Build.0 = Release|Any CPU
	EndGlobalSection
	GlobalSection(SolutionProperties) = preSolution
		HideSolutionNode = FALSE
	EndGlobalSection
	GlobalSection(NestedProjects) = preSolution
		{DCE73786-9490-406C-838F-F2562AB5FD28} = {87319F5F-C1B9-4A3A-A9CD-BE4A6C4FA1D2}
		{B3871DC2-726B-4100-A726-DEB92D0D9573} = {87319F5F-C1B9-4A3A-A9CD-BE4A6C4FA1D2}
	EndGlobalSection
	GlobalSection(ExtensibilityGlobals) = postSolution
		SolutionGuid = {51DBA4E4-D121-44CF-80FF-83D46A069877}
	EndGlobalSection
EndGlobal
